// !$*UTF8*$!
{
	archiveVersion = 1;
	classes = {
	};
	objectVersion = 56;
	objects = {

/* Begin PBXBuildFile section */
		B63E3E712CF427A700D745A8 /* AppDelegate.swift in Sources */ = {isa = PBXBuildFile; fileRef = B63E3E702CF427A700D745A8 /* AppDelegate.swift */; };
		B63E3E7A2CF427A900D745A8 /* Assets.xcassets in Resources */ = {isa = PBXBuildFile; fileRef = B63E3E792CF427A900D745A8 /* Assets.xcassets */; };
		B63E3E7D2CF427A900D745A8 /* LaunchScreen.storyboard in Resources */ = {isa = PBXBuildFile; fileRef = B63E3E7B2CF427A900D745A8 /* LaunchScreen.storyboard */; };
		B686FD0B2CF5AA0800C055F0 /* Sample1ViewController.swift in Sources */ = {isa = PBXBuildFile; fileRef = B686FD092CF5AA0800C055F0 /* Sample1ViewController.swift */; };
		B686FD0C2CF5AA0800C055F0 /* Sample1ViewController.xib in Resources */ = {isa = PBXBuildFile; fileRef = B686FD0A2CF5AA0800C055F0 /* Sample1ViewController.xib */; };
		B686FD102CF5C2EF00C055F0 /* Sample2ViewController.swift in Sources */ = {isa = PBXBuildFile; fileRef = B686FD0E2CF5C2EF00C055F0 /* Sample2ViewController.swift */; };
		B686FD112CF5C2EF00C055F0 /* Sample2ViewController.xib in Resources */ = {isa = PBXBuildFile; fileRef = B686FD0F2CF5C2EF00C055F0 /* Sample2ViewController.xib */; };
		B6A33CB62CF6D2CA00289078 /* Sample3ViewController.swift in Sources */ = {isa = PBXBuildFile; fileRef = B6A33CB42CF6D2CA00289078 /* Sample3ViewController.swift */; };
		B6A33CB72CF6D2CA00289078 /* Sample3ViewController.xib in Resources */ = {isa = PBXBuildFile; fileRef = B6A33CB52CF6D2CA00289078 /* Sample3ViewController.xib */; };
/* End PBXBuildFile section */

/* Begin PBXFileReference section */
		B63E3E6D2CF427A700D745A8 /* SwiftTraining.app */ = {isa = PBXFileReference; explicitFileType = wrapper.application; includeInIndex = 0; path = SwiftTraining.app; sourceTree = BUILT_PRODUCTS_DIR; };
		B63E3E702CF427A700D745A8 /* AppDelegate.swift */ = {isa = PBXFileReference; lastKnownFileType = sourcecode.swift; path = AppDelegate.swift; sourceTree = "<group>"; };
		B63E3E792CF427A900D745A8 /* Assets.xcassets */ = {isa = PBXFileReference; lastKnownFileType = folder.assetcatalog; path = Assets.xcassets; sourceTree = "<group>"; };
		B63E3E7C2CF427A900D745A8 /* Base */ = {isa = PBXFileReference; lastKnownFileType = file.storyboard; name = Base; path = Base.lproj/LaunchScreen.storyboard; sourceTree = "<group>"; };
		B63E3E7E2CF427AA00D745A8 /* Info.plist */ = {isa = PBXFileReference; lastKnownFileType = text.plist.xml; path = Info.plist; sourceTree = "<group>"; };
		B686FD092CF5AA0800C055F0 /* Sample1ViewController.swift */ = {isa = PBXFileReference; lastKnownFileType = sourcecode.swift; path = Sample1ViewController.swift; sourceTree = "<group>"; };
		B686FD0A2CF5AA0800C055F0 /* Sample1ViewController.xib */ = {isa = PBXFileReference; lastKnownFileType = file.xib; path = Sample1ViewController.xib; sourceTree = "<group>"; };
		B686FD0E2CF5C2EF00C055F0 /* Sample2ViewController.swift */ = {isa = PBXFileReference; lastKnownFileType = sourcecode.swift; path = Sample2ViewController.swift; sourceTree = "<group>"; };
		B686FD0F2CF5C2EF00C055F0 /* Sample2ViewController.xib */ = {isa = PBXFileReference; lastKnownFileType = file.xib; path = Sample2ViewController.xib; sourceTree = "<group>"; };
		B6A33CB42CF6D2CA00289078 /* Sample3ViewController.swift */ = {isa = PBXFileReference; lastKnownFileType = sourcecode.swift; path = Sample3ViewController.swift; sourceTree = "<group>"; };
		B6A33CB52CF6D2CA00289078 /* Sample3ViewController.xib */ = {isa = PBXFileReference; lastKnownFileType = file.xib; path = Sample3ViewController.xib; sourceTree = "<group>"; };
/* End PBXFileReference section */

/* Begin PBXFrameworksBuildPhase section */
		B63E3E6A2CF427A700D745A8 /* Frameworks */ = {
			isa = PBXFrameworksBuildPhase;
			buildActionMask = 2147483647;
			files = (
			);
			runOnlyForDeploymentPostprocessing = 0;
		};
/* End PBXFrameworksBuildPhase section */

/* Begin PBXGroup section */
		B63E3E642CF427A700D745A8 = {
			isa = PBXGroup;
			children = (
				B63E3E6F2CF427A700D745A8 /* SwiftTraining */,
				B63E3E6E2CF427A700D745A8 /* Products */,
			);
			sourceTree = "<group>";
		};
		B63E3E6E2CF427A700D745A8 /* Products */ = {
			isa = PBXGroup;
			children = (
				B63E3E6D2CF427A700D745A8 /* SwiftTraining.app */,
			);
			name = Products;
			sourceTree = "<group>";
		};
		B63E3E6F2CF427A700D745A8 /* SwiftTraining */ = {
			isa = PBXGroup;
			children = (
				B686FD052CF5A9C100C055F0 /* AutoLayout */,
				B63E3E702CF427A700D745A8 /* AppDelegate.swift */,
				B63E3E792CF427A900D745A8 /* Assets.xcassets */,
				B63E3E7B2CF427A900D745A8 /* LaunchScreen.storyboard */,
				B63E3E7E2CF427AA00D745A8 /* Info.plist */,
			);
			path = SwiftTraining;
			sourceTree = "<group>";
		};
		B686FD052CF5A9C100C055F0 /* AutoLayout */ = {
			isa = PBXGroup;
			children = (
				B6A33CB32CF6D1ED00289078 /* Sample3 */,
				B686FD0D2CF5C2DC00C055F0 /* Sample2 */,
				B686FD062CF5A9CF00C055F0 /* Sample1 */,
			);
			path = AutoLayout;
			sourceTree = "<group>";
		};
		B686FD062CF5A9CF00C055F0 /* Sample1 */ = {
			isa = PBXGroup;
			children = (
				B686FD092CF5AA0800C055F0 /* Sample1ViewController.swift */,
				B686FD0A2CF5AA0800C055F0 /* Sample1ViewController.xib */,
			);
			path = Sample1;
			sourceTree = "<group>";
		};
		B686FD0D2CF5C2DC00C055F0 /* Sample2 */ = {
			isa = PBXGroup;
			children = (
				B686FD0E2CF5C2EF00C055F0 /* Sample2ViewController.swift */,
				B686FD0F2CF5C2EF00C055F0 /* Sample2ViewController.xib */,
			);
			path = Sample2;
			sourceTree = "<group>";
		};
		B6A33CB32CF6D1ED00289078 /* Sample3 */ = {
			isa = PBXGroup;
			children = (
				B6A33CB42CF6D2CA00289078 /* Sample3ViewController.swift */,
				B6A33CB52CF6D2CA00289078 /* Sample3ViewController.xib */,
			);
			path = Sample3;
			sourceTree = "<group>";
		};
/* End PBXGroup section */

/* Begin PBXNativeTarget section */
		B63E3E6C2CF427A700D745A8 /* SwiftTraining */ = {
			isa = PBXNativeTarget;
			buildConfigurationList = B63E3E812CF427AA00D745A8 /* Build configuration list for PBXNativeTarget "SwiftTraining" */;
			buildPhases = (
				B63E3E692CF427A700D745A8 /* Sources */,
				B63E3E6A2CF427A700D745A8 /* Frameworks */,
				B63E3E6B2CF427A700D745A8 /* Resources */,
			);
			buildRules = (
			);
			dependencies = (
			);
			name = SwiftTraining;
			productName = SwiftTraining;
			productReference = B63E3E6D2CF427A700D745A8 /* SwiftTraining.app */;
			productType = "com.apple.product-type.application";
		};
/* End PBXNativeTarget section */

/* Begin PBXProject section */
		B63E3E652CF427A700D745A8 /* Project object */ = {
			isa = PBXProject;
			attributes = {
				BuildIndependentTargetsInParallel = 1;
				LastSwiftUpdateCheck = 1520;
				LastUpgradeCheck = 1520;
				TargetAttributes = {
					B63E3E6C2CF427A700D745A8 = {
						CreatedOnToolsVersion = 15.2;
					};
				};
			};
			buildConfigurationList = B63E3E682CF427A700D745A8 /* Build configuration list for PBXProject "SwiftTraining" */;
			compatibilityVersion = "Xcode 14.0";
			developmentRegion = en;
			hasScannedForEncodings = 0;
			knownRegions = (
				en,
				Base,
			);
			mainGroup = B63E3E642CF427A700D745A8;
			productRefGroup = B63E3E6E2CF427A700D745A8 /* Products */;
			projectDirPath = "";
			projectRoot = "";
			targets = (
				B63E3E6C2CF427A700D745A8 /* SwiftTraining */,
			);
		};
/* End PBXProject section */

/* Begin PBXResourcesBuildPhase section */
		B63E3E6B2CF427A700D745A8 /* Resources */ = {
			isa = PBXResourcesBuildPhase;
			buildActionMask = 2147483647;
			files = (
				B63E3E7D2CF427A900D745A8 /* LaunchScreen.storyboard in Resources */,
				B686FD112CF5C2EF00C055F0 /* Sample2ViewController.xib in Resources */,
				B6A33CB72CF6D2CA00289078 /* Sample3ViewController.xib in Resources */,
				B63E3E7A2CF427A900D745A8 /* Assets.xcassets in Resources */,
				B686FD0C2CF5AA0800C055F0 /* Sample1ViewController.xib in Resources */,
			);
			runOnlyForDeploymentPostprocessing = 0;
		};
/* End PBXResourcesBuildPhase section */

/* Begin PBXSourcesBuildPhase section */
		B63E3E692CF427A700D745A8 /* Sources */ = {
			isa = PBXSourcesBuildPhase;
			buildActionMask = 2147483647;
			files = (
				B686FD0B2CF5AA0800C055F0 /* Sample1ViewController.swift in Sources */,
				B63E3E712CF427A700D745A8 /* AppDelegate.swift in Sources */,
				B6A33CB62CF6D2CA00289078 /* Sample3ViewController.swift in Sources */,
				B686FD102CF5C2EF00C055F0 /* Sample2ViewController.swift in Sources */,
			);
			runOnlyForDeploymentPostprocessing = 0;
		};
/* End PBXSourcesBuildPhase section */

/* Begin PBXVariantGroup section */
		B63E3E7B2CF427A900D745A8 /* LaunchScreen.storyboard */ = {
			isa = PBXVariantGroup;
			children = (
				B63E3E7C2CF427A900D745A8 /* Base */,
			);
			name = LaunchScreen.storyboard;
			sourceTree = "<group>";
		};
/* End PBXVariantGroup section */

/* Begin XCBuildConfiguration section */
		B63E3E7F2CF427AA00D745A8 /* Debug */ = {
			isa = XCBuildConfiguration;
			buildSettings = {
				ALWAYS_SEARCH_USER_PATHS = NO;
				ASSETCATALOG_COMPILER_GENERATE_SWIFT_ASSET_SYMBOL_EXTENSIONS = YES;
				CLANG_ANALYZER_NONNULL = YES;
				CLANG_ANALYZER_NUMBER_OBJECT_CONVERSION = YES_AGGRESSIVE;
				CLANG_CXX_LANGUAGE_STANDARD = "gnu++20";
				CLANG_ENABLE_MODULES = YES;
				CLANG_ENABLE_OBJC_ARC = YES;
				CLANG_ENABLE_OBJC_WEAK = YES;
				CLANG_WARN_BLOCK_CAPTURE_AUTORELEASING = YES;
				CLANG_WARN_BOOL_CONVERSION = YES;
				CLANG_WARN_COMMA = YES;
				CLANG_WARN_CONSTANT_CONVERSION = YES;
				CLANG_WARN_DEPRECATED_OBJC_IMPLEMENTATIONS = YES;
				CLANG_WARN_DIRECT_OBJC_ISA_USAGE = YES_ERROR;
				CLANG_WARN_DOCUMENTATION_COMMENTS = YES;
				CLANG_WARN_EMPTY_BODY = YES;
				CLANG_WARN_ENUM_CONVERSION = YES;
				CLANG_WARN_INFINITE_RECURSION = YES;
				CLANG_WARN_INT_CONVERSION = YES;
				CLANG_WARN_NON_LITERAL_NULL_CONVERSION = YES;
				CLANG_WARN_OBJC_IMPLICIT_RETAIN_SELF = YES;
				CLANG_WARN_OBJC_LITERAL_CONVERSION = YES;
				CLANG_WARN_OBJC_ROOT_CLASS = YES_ERROR;
				CLANG_WARN_QUOTED_INCLUDE_IN_FRAMEWORK_HEADER = YES;
				CLANG_WARN_RANGE_LOOP_ANALYSIS = YES;
				CLANG_WARN_STRICT_PROTOTYPES = YES;
				CLANG_WARN_SUSPICIOUS_MOVE = YES;
				CLANG_WARN_UNGUARDED_AVAILABILITY = YES_AGGRESSIVE;
				CLANG_WARN_UNREACHABLE_CODE = YES;
				CLANG_WARN__DUPLICATE_METHOD_MATCH = YES;
				COPY_PHASE_STRIP = NO;
				DEBUG_INFORMATION_FORMAT = dwarf;
				ENABLE_STRICT_OBJC_MSGSEND = YES;
				ENABLE_TESTABILITY = YES;
				ENABLE_USER_SCRIPT_SANDBOXING = YES;
				GCC_C_LANGUAGE_STANDARD = gnu17;
				GCC_DYNAMIC_NO_PIC = NO;
				GCC_NO_COMMON_BLOCKS = YES;
				GCC_OPTIMIZATION_LEVEL = 0;
				GCC_PREPROCESSOR_DEFINITIONS = (
					"DEBUG=1",
					"$(inherited)",
				);
				GCC_WARN_64_TO_32_BIT_CONVERSION = YES;
				GCC_WARN_ABOUT_RETURN_TYPE = YES_ERROR;
				GCC_WARN_UNDECLARED_SELECTOR = YES;
				GCC_WARN_UNINITIALIZED_AUTOS = YES_AGGRESSIVE;
				GCC_WARN_UNUSED_FUNCTION = YES;
				GCC_WARN_UNUSED_VARIABLE = YES;
				IPHONEOS_DEPLOYMENT_TARGET = 17.2;
				LOCALIZATION_PREFERS_STRING_CATALOGS = YES;
				MTL_ENABLE_DEBUG_INFO = INCLUDE_SOURCE;
				MTL_FAST_MATH = YES;
				ONLY_ACTIVE_ARCH = YES;
				SDKROOT = iphoneos;
				SWIFT_ACTIVE_COMPILATION_CONDITIONS = "DEBUG $(inherited)";
				SWIFT_OPTIMIZATION_LEVEL = "-Onone";
			};
			name = Debug;
		};
		B63E3E802CF427AA00D745A8 /* Release */ = {
			isa = XCBuildConfiguration;
			buildSettings = {
				ALWAYS_SEARCH_USER_PATHS = NO;
				ASSETCATALOG_COMPILER_GENERATE_SWIFT_ASSET_SYMBOL_EXTENSIONS = YES;
				CLANG_ANALYZER_NONNULL = YES;
				CLANG_ANALYZER_NUMBER_OBJECT_CONVERSION = YES_AGGRESSIVE;
				CLANG_CXX_LANGUAGE_STANDARD = "gnu++20";
				CLANG_ENABLE_MODULES = YES;
				CLANG_ENABLE_OBJC_ARC = YES;
				CLANG_ENABLE_OBJC_WEAK = YES;
				CLANG_WARN_BLOCK_CAPTURE_AUTORELEASING = YES;
				CLANG_WARN_BOOL_CONVERSION = YES;
				CLANG_WARN_COMMA = YES;
				CLANG_WARN_CONSTANT_CONVERSION = YES;
				CLANG_WARN_DEPRECATED_OBJC_IMPLEMENTATIONS = YES;
				CLANG_WARN_DIRECT_OBJC_ISA_USAGE = YES_ERROR;
				CLANG_WARN_DOCUMENTATION_COMMENTS = YES;
				CLANG_WARN_EMPTY_BODY = YES;
				CLANG_WARN_ENUM_CONVERSION = YES;
				CLANG_WARN_INFINITE_RECURSION = YES;
				CLANG_WARN_INT_CONVERSION = YES;
				CLANG_WARN_NON_LITERAL_NULL_CONVERSION = YES;
				CLANG_WARN_OBJC_IMPLICIT_RETAIN_SELF = YES;
				CLANG_WARN_OBJC_LITERAL_CONVERSION = YES;
				CLANG_WARN_OBJC_ROOT_CLASS = YES_ERROR;
				CLANG_WARN_QUOTED_INCLUDE_IN_FRAMEWORK_HEADER = YES;
				CLANG_WARN_RANGE_LOOP_ANALYSIS = YES;
				CLANG_WARN_STRICT_PROTOTYPES = YES;
				CLANG_WARN_SUSPICIOUS_MOVE = YES;
				CLANG_WARN_UNGUARDED_AVAILABILITY = YES_AGGRESSIVE;
				CLANG_WARN_UNREACHABLE_CODE = YES;
				CLANG_WARN__DUPLICATE_METHOD_MATCH = YES;
				COPY_PHASE_STRIP = NO;
				DEBUG_INFORMATION_FORMAT = "dwarf-with-dsym";
				ENABLE_NS_ASSERTIONS = NO;
				ENABLE_STRICT_OBJC_MSGSEND = YES;
				ENABLE_USER_SCRIPT_SANDBOXING = YES;
				GCC_C_LANGUAGE_STANDARD = gnu17;
				GCC_NO_COMMON_BLOCKS = YES;
				GCC_WARN_64_TO_32_BIT_CONVERSION = YES;
				GCC_WARN_ABOUT_RETURN_TYPE = YES_ERROR;
				GCC_WARN_UNDECLARED_SELECTOR = YES;
				GCC_WARN_UNINITIALIZED_AUTOS = YES_AGGRESSIVE;
				GCC_WARN_UNUSED_FUNCTION = YES;
				GCC_WARN_UNUSED_VARIABLE = YES;
				IPHONEOS_DEPLOYMENT_TARGET = 17.2;
				LOCALIZATION_PREFERS_STRING_CATALOGS = YES;
				MTL_ENABLE_DEBUG_INFO = NO;
				MTL_FAST_MATH = YES;
				SDKROOT = iphoneos;
				SWIFT_COMPILATION_MODE = wholemodule;
				VALIDATE_PRODUCT = YES;
			};
			name = Release;
		};
		B63E3E822CF427AA00D745A8 /* Debug */ = {
			isa = XCBuildConfiguration;
			buildSettings = {
				ASSETCATALOG_COMPILER_APPICON_NAME = AppIcon;
				ASSETCATALOG_COMPILER_GLOBAL_ACCENT_COLOR_NAME = AccentColor;
				CODE_SIGN_STYLE = Automatic;
				CURRENT_PROJECT_VERSION = 1;
				GENERATE_INFOPLIST_FILE = YES;
				INFOPLIST_FILE = SwiftTraining/Info.plist;
				INFOPLIST_KEY_UIApplicationSupportsIndirectInputEvents = YES;
				INFOPLIST_KEY_UILaunchStoryboardName = LaunchScreen.storyboard;
				INFOPLIST_KEY_UIRequiresFullScreen = YES;
				INFOPLIST_KEY_UISupportedInterfaceOrientations = "UIInterfaceOrientationLandscapeLeft UIInterfaceOrientationLandscapeRight UIInterfaceOrientationPortrait";
				INFOPLIST_KEY_UISupportedInterfaceOrientations_iPad = "UIInterfaceOrientationLandscapeLeft UIInterfaceOrientationLandscapeRight UIInterfaceOrientationPortrait UIInterfaceOrientationPortraitUpsideDown";
				IPHONEOS_DEPLOYMENT_TARGET = 15.0;
				LD_RUNPATH_SEARCH_PATHS = (
					"$(inherited)",
					"@executable_path/Frameworks",
				);
				MARKETING_VERSION = 1.0;
				PRODUCT_BUNDLE_IDENTIFIER = yuki.noda.SwiftTraining;
				PRODUCT_NAME = "$(TARGET_NAME)";
				SWIFT_EMIT_LOC_STRINGS = YES;
				SWIFT_VERSION = 5.0;
				TARGETED_DEVICE_FAMILY = "1,2";
			};
			name = Debug;
		};
		B63E3E832CF427AA00D745A8 /* Release */ = {
			isa = XCBuildConfiguration;
			buildSettings = {
				ASSETCATALOG_COMPILER_APPICON_NAME = AppIcon;
				ASSETCATALOG_COMPILER_GLOBAL_ACCENT_COLOR_NAME = AccentColor;
				CODE_SIGN_STYLE = Automatic;
				CURRENT_PROJECT_VERSION = 1;
				GENERATE_INFOPLIST_FILE = YES;
				INFOPLIST_FILE = SwiftTraining/Info.plist;
				INFOPLIST_KEY_UIApplicationSupportsIndirectInputEvents = YES;
				INFOPLIST_KEY_UILaunchStoryboardName = LaunchScreen.storyboard;
				INFOPLIST_KEY_UIRequiresFullScreen = YES;
				INFOPLIST_KEY_UISupportedInterfaceOrientations = "UIInterfaceOrientationLandscapeLeft UIInterfaceOrientationLandscapeRight UIInterfaceOrientationPortrait";
				INFOPLIST_KEY_UISupportedInterfaceOrientations_iPad = "UIInterfaceOrientationLandscapeLeft UIInterfaceOrientationLandscapeRight UIInterfaceOrientationPortrait UIInterfaceOrientationPortraitUpsideDown";
				IPHONEOS_DEPLOYMENT_TARGET = 15.0;
				LD_RUNPATH_SEARCH_PATHS = (
					"$(inherited)",
					"@executable_path/Frameworks",
				);
				MARKETING_VERSION = 1.0;
				PRODUCT_BUNDLE_IDENTIFIER = yuki.noda.SwiftTraining;
				PRODUCT_NAME = "$(TARGET_NAME)";
				SWIFT_EMIT_LOC_STRINGS = YES;
				SWIFT_VERSION = 5.0;
				TARGETED_DEVICE_FAMILY = "1,2";
			};
			name = Release;
		};
/* End XCBuildConfiguration section */

/* Begin XCConfigurationList section */
		B63E3E682CF427A700D745A8 /* Build configuration list for PBXProject "SwiftTraining" */ = {
			isa = XCConfigurationList;
			buildConfigurations = (
				B63E3E7F2CF427AA00D745A8 /* Debug */,
				B63E3E802CF427AA00D745A8 /* Release */,
			);
			defaultConfigurationIsVisible = 0;
			defaultConfigurationName = Release;
		};
		B63E3E812CF427AA00D745A8 /* Build configuration list for PBXNativeTarget "SwiftTraining" */ = {
			isa = XCConfigurationList;
			buildConfigurations = (
				B63E3E822CF427AA00D745A8 /* Debug */,
				B63E3E832CF427AA00D745A8 /* Release */,
			);
			defaultConfigurationIsVisible = 0;
			defaultConfigurationName = Release;
		};
/* End XCConfigurationList section */
	};
	rootObject = B63E3E652CF427A700D745A8 /* Project object */;
}
